{
  "originHash" : "1ede5a7430d6e50db2abfcdafe5e54ca94f08bd2d1b5f32388fc7d96369b7c7d",
  "pins" : [
    {
      "identity" : "bnbeffectplayer",
      "kind" : "remoteSourceControl",
      "location" : "https://github.com/sdk-banuba/BNBEffectPlayer.git",
      "state" : {
        "revision" : "63b906f30266b38d754b90c1e2f26e02941a5625",
        "version" : "1.18.5"
      }
    },
    {
      "identity" : "bnbeyes",
      "kind" : "remoteSourceControl",
      "location" : "https://github.com/sdk-banuba/BNBEyes.git",
      "state" : {
        "revision" : "67de5d9aff07ccdbe2f522785eae6aeef5ad2ed6",
        "version" : "1.18.5"
      }
    },
    {
      "identity" : "bnbfacetracker",
      "kind" : "remoteSourceControl",
      "location" : "https://github.com/sdk-banuba/BNBFaceTracker",
      "state" : {
        "revision" : "7b4487dcd81478d6cac44f16b69a30b71f72c5e3",
        "version" : "1.18.5"
      }
    },
    {
      "identity" : "bnblips",
      "kind" : "remoteSourceControl",
      "location" : "https://github.com/sdk-banuba/BNBLips.git",
      "state" : {
        "revision" : "55578cbbc17f290098c7ed46eda9ebe63faaa9cd",
        "version" : "1.18.5"
      }
    },
    {
      "identity" : "bnbmakeup",
      "kind" : "remoteSourceControl",
      "location" : "https://github.com/sdk-banuba/BNBMakeup",
      "state" : {
        "revision" : "6982c84145f230bda3a68ff882f8082c8449bce8",
        "version" : "1.18.5"
      }
    },
    {
      "identity" : "bnbscripting",
      "kind" : "remoteSourceControl",
      "location" : "https://github.com/sdk-banuba/BNBScripting.git",
      "state" : {
        "revision" : "7257a1c026711346b04191fdbb02ffbeb8c089ad",
        "version" : "1.18.5"
      }
    },
    {
      "identity" : "bnbsdkapi",
      "kind" : "remoteSourceControl",
      "location" : "https://github.com/sdk-banuba/BNBSdkApi",
      "state" : {
        "revision" : "f959629903c60a2ab92a08f9777c1900af4e022f",
        "version" : "1.18.5"
      }
    },
    {
      "identity" : "bnbsdkcore",
      "kind" : "remoteSourceControl",
      "location" : "https://github.com/sdk-banuba/BNBSdkCore.git",
      "state" : {
        "revision" : "114d3530ec0027b22b659fb90bfb6a4b454b1ff4",
        "version" : "1.18.5"
      }
    },
    {
      "identity" : "bnbskin",
      "kind" : "remoteSourceControl",
      "location" : "https://github.com/sdk-banuba/BNBSkin.git",
      "state" : {
        "revision" : "70d21ebee078d4760bd0677daf62e8b6f47db5e3",
        "version" : "1.18.5"
      }
    }
  ],
  "version" : 3
}
