{
  "originHash" : "2b6494190cf33afcba3228bd02022a6862963417dc867d4efc3ca9ecf3dc1b94",
  "pins" : [
    {
      "identity" : "bnbeffectplayer",
      "kind" : "remoteSourceControl",
      "location" : "https://github.com/sdk-banuba/BNBEffectPlayer.git",
      "state" : {
        "revision" : "63b906f30266b38d754b90c1e2f26e02941a5625",
        "version" : "1.18.5"
      }
    },
    {
      "identity" : "bnbhands",
      "kind" : "remoteSourceControl",
      "location" : "https://github.com/sdk-banuba/BNBHands.git",
      "state" : {
        "revision" : "55d1dda388aea86f7a2a44596c35d11956bea337",
        "version" : "1.18.5"
      }
    },
    {
      "identity" : "bnbscripting",
      "kind" : "remoteSourceControl",
      "location" : "https://github.com/sdk-banuba/BNBScripting.git",
      "state" : {
        "revision" : "7257a1c026711346b04191fdbb02ffbeb8c089ad",
        "version" : "1.18.5"
      }
    },
    {
      "identity" : "bnbsdkapi",
      "kind" : "remoteSourceControl",
      "location" : "https://github.com/sdk-banuba/BNBSdkApi.git",
      "state" : {
        "revision" : "f959629903c60a2ab92a08f9777c1900af4e022f",
        "version" : "1.18.5"
      }
    },
    {
      "identity" : "bnbsdkcore",
      "kind" : "remoteSourceControl",
      "location" : "https://github.com/sdk-banuba/BNBSdkCore.git",
      "state" : {
        "revision" : "114d3530ec0027b22b659fb90bfb6a4b454b1ff4",
        "version" : "1.18.5"
      }
    },
    {
      "identity" : "bnbwatch",
      "kind" : "remoteSourceControl",
      "location" : "https://github.com/sdk-banuba/BNBWatch.git",
      "state" : {
        "revision" : "26c5120df08abeba11346963d255366148a76385",
        "version" : "1.18.5"
      }
    }
  ],
  "version" : 3
}
