{
  "originHash" : "2b6494190cf33afcba3228bd02022a6862963417dc867d4efc3ca9ecf3dc1b94",
  "pins" : [
    {
      "identity" : "bnbeffectplayer",
      "kind" : "remoteSourceControl",
      "location" : "https://github.com/sdk-banuba/BNBEffectPlayer.git",
      "state" : {
        "revision" : "fb361d9c54b1f54808cdfb0ff5dd9fcd83ed7cee",
        "version" : "1.18.0"
      }
    },
    {
      "identity" : "bnbhands",
      "kind" : "remoteSourceControl",
      "location" : "https://github.com/sdk-banuba/BNBHands.git",
      "state" : {
        "revision" : "56438ca3a7b4dcf7fab39bc08f6436a591b61b83",
        "version" : "1.18.0"
      }
    },
    {
      "identity" : "bnbscripting",
      "kind" : "remoteSourceControl",
      "location" : "https://github.com/sdk-banuba/BNBScripting.git",
      "state" : {
        "revision" : "626d6647ff7770bc68f42a6c66b263494bdfc388",
        "version" : "1.18.0"
      }
    },
    {
      "identity" : "bnbsdkapi",
      "kind" : "remoteSourceControl",
      "location" : "https://github.com/sdk-banuba/BNBSdkApi.git",
      "state" : {
        "revision" : "9b3233c4f26fed1eb57d99556626d962b3b8ebdc",
        "version" : "1.18.0"
      }
    },
    {
      "identity" : "bnbsdkcore",
      "kind" : "remoteSourceControl",
      "location" : "https://github.com/sdk-banuba/BNBSdkCore.git",
      "state" : {
        "revision" : "38dd1d3345081e95969650a250b7708338521b98",
        "version" : "1.18.0"
      }
    },
    {
      "identity" : "bnbwatch",
      "kind" : "remoteSourceControl",
      "location" : "https://github.com/sdk-banuba/BNBWatch.git",
      "state" : {
        "revision" : "4d28c4ab6f10f980653e19509d368bf29e7e22c6",
        "version" : "1.18.0"
      }
    }
  ],
  "version" : 3
}
