{
  "originHash" : "930852985622d9d67e93ad3bcd1bb83ebceb7ec56cdca3a48419895d57207318",
  "pins" : [
    {
      "identity" : "bnbeffectplayer",
      "kind" : "remoteSourceControl",
      "location" : "https://github.com/sdk-banuba/BNBEffectPlayer.git",
      "state" : {
        "revision" : "fb361d9c54b1f54808cdfb0ff5dd9fcd83ed7cee",
        "version" : "1.18.0"
      }
    },
    {
      "identity" : "bnbfacetracker",
      "kind" : "remoteSourceControl",
      "location" : "https://github.com/sdk-banuba/BNBFaceTracker.git",
      "state" : {
        "revision" : "4885484205caf1a488fa651143c92ef90d53bb5e",
        "version" : "1.18.0"
      }
    },
    {
      "identity" : "bnbscripting",
      "kind" : "remoteSourceControl",
      "location" : "https://github.com/sdk-banuba/BNBScripting.git",
      "state" : {
        "revision" : "626d6647ff7770bc68f42a6c66b263494bdfc388",
        "version" : "1.18.0"
      }
    },
    {
      "identity" : "bnbsdkapi",
      "kind" : "remoteSourceControl",
      "location" : "https://github.com/sdk-banuba/BNBSdkApi.git",
      "state" : {
        "revision" : "9b3233c4f26fed1eb57d99556626d962b3b8ebdc",
        "version" : "1.18.0"
      }
    },
    {
      "identity" : "bnbsdkcore",
      "kind" : "remoteSourceControl",
      "location" : "https://github.com/sdk-banuba/BNBSdkCore.git",
      "state" : {
        "revision" : "38dd1d3345081e95969650a250b7708338521b98",
        "version" : "1.18.0"
      }
    }
  ],
  "version" : 3
}
