{
  "originHash" : "930852985622d9d67e93ad3bcd1bb83ebceb7ec56cdca3a48419895d57207318",
  "pins" : [
    {
      "identity" : "bnbeffectplayer",
      "kind" : "remoteSourceControl",
      "location" : "https://github.com/sdk-banuba/BNBEffectPlayer.git",
      "state" : {
        "revision" : "63b906f30266b38d754b90c1e2f26e02941a5625",
        "version" : "1.18.5"
      }
    },
    {
      "identity" : "bnbfacetracker",
      "kind" : "remoteSourceControl",
      "location" : "https://github.com/sdk-banuba/BNBFaceTracker.git",
      "state" : {
        "revision" : "7b4487dcd81478d6cac44f16b69a30b71f72c5e3",
        "version" : "1.18.5"
      }
    },
    {
      "identity" : "bnbscripting",
      "kind" : "remoteSourceControl",
      "location" : "https://github.com/sdk-banuba/BNBScripting.git",
      "state" : {
        "revision" : "7257a1c026711346b04191fdbb02ffbeb8c089ad",
        "version" : "1.18.5"
      }
    },
    {
      "identity" : "bnbsdkapi",
      "kind" : "remoteSourceControl",
      "location" : "https://github.com/sdk-banuba/BNBSdkApi.git",
      "state" : {
        "revision" : "f959629903c60a2ab92a08f9777c1900af4e022f",
        "version" : "1.18.5"
      }
    },
    {
      "identity" : "bnbsdkcore",
      "kind" : "remoteSourceControl",
      "location" : "https://github.com/sdk-banuba/BNBSdkCore.git",
      "state" : {
        "revision" : "114d3530ec0027b22b659fb90bfb6a4b454b1ff4",
        "version" : "1.18.5"
      }
    }
  ],
  "version" : 3
}
